
Microsoft Visual Studio Solution File, Format Version 12.00
# Visual Studio Version 17
VisualStudioVersion = 17.0.32014.148
MinimumVisualStudioVersion = 10.0.40219.1
Project("{9A19103F-16F7-4668-BE54-9A1E7A4F7556}") = "Interface", "Interface\Interface.csproj", "{7FF478EB-EE4F-4D43-948B-15CD4B845038}"
EndProject
Project("{2150E333-8FDC-42A3-9474-1A3956D46DE8}") = "Componentes", "Componentes", "{470E42A5-6542-45B9-9789-E239C8E0FA1E}"
EndProject
Global
	GlobalSection(SolutionConfigurationPlatforms) = preSolution
		Debug|Any CPU = Debug|Any CPU
		Release|Any CPU = Release|Any CPU
	EndGlobalSection
	GlobalSection(ProjectConfigurationPlatforms) = postSolution
		{7FF478EB-EE4F-4D43-948B-15CD4B845038}.Debug|Any CPU.ActiveCfg = Debug|Any CPU
		{7FF478EB-EE4F-4D43-948B-15CD4B845038}.Debug|Any CPU.Build.0 = Debug|Any CPU
		{7FF478EB-EE4F-4D43-948B-15CD4B845038}.Release|Any CPU.ActiveCfg = Release|Any CPU
		{7FF478EB-EE4F-4D43-948B-15CD4B845038}.Release|Any CPU.Build.0 = Release|Any CPU
	EndGlobalSection
	GlobalSection(SolutionProperties) = preSolution
		HideSolutionNode = FALSE
	EndGlobalSection
	GlobalSection(ExtensibilityGlobals) = postSolution
		SolutionGuid = {FC915510-DE38-4D5E-9F77-D0954F76FC02}
	EndGlobalSection
EndGlobal
